
Microsoft Visual Studio Solution File, Format Version 10.00
# Visual Studio 2008
Project("{E24C65DC-7377-472B-9ABA-BC803B73C61A}") = "Securedataselfdestructingfullprojectwithmail", "..\..\..\..\..\..\Projects\Securedataselfdestructingfullprojectwithmail\", "{7A186636-D51F-4932-AA0E-5E2B45805CA2}"
	ProjectSection(WebsiteProperties) = preProject
		TargetFramework = "3.5"
		Debug.AspNetCompiler.VirtualPath = "/Securedataselfdestructingfullprojectwithmail"
		Debug.AspNetCompiler.PhysicalPath = "..\..\..\..\..\..\Projects\Securedataselfdestructingfullprojectwithmail\"
		Debug.AspNetCompiler.TargetPath = "PrecompiledWeb\Securedataselfdestructingfullprojectwithmail\"
		Debug.AspNetCompiler.Updateable = "true"
		Debug.AspNetCompiler.ForceOverwrite = "true"
		Debug.AspNetCompiler.FixedNames = "false"
		Debug.AspNetCompiler.Debug = "True"
		Release.AspNetCompiler.VirtualPath = "/Securedataselfdestructingfullprojectwithmail"
		Release.AspNetCompiler.PhysicalPath = "..\..\..\..\..\..\Projects\Securedataselfdestructingfullprojectwithmail\"
		Release.AspNetCompiler.TargetPath = "PrecompiledWeb\Securedataselfdestructingfullprojectwithmail\"
		Release.AspNetCompiler.Updateable = "true"
		Release.AspNetCompiler.ForceOverwrite = "true"
		Release.AspNetCompiler.FixedNames = "false"
		Release.AspNetCompiler.Debug = "False"
		VWDPort = "64613"
	EndProjectSection
EndProject
Global
	GlobalSection(SolutionConfigurationPlatforms) = preSolution
		Debug|.NET = Debug|.NET
	EndGlobalSection
	GlobalSection(ProjectConfigurationPlatforms) = postSolution
		{7A186636-D51F-4932-AA0E-5E2B45805CA2}.Debug|.NET.ActiveCfg = Debug|.NET
		{7A186636-D51F-4932-AA0E-5E2B45805CA2}.Debug|.NET.Build.0 = Debug|.NET
	EndGlobalSection
	GlobalSection(SolutionProperties) = preSolution
		HideSolutionNode = FALSE
	EndGlobalSection
EndGlobal
